
Microsoft Visual Studio Solution File, Format Version 12.00
# Visual Studio 15
Project("{FAE04EC0-301F-11D3-BF4B-00C04F79EFBC}") = "Assembly-CSharp", "Assembly-CSharp.csproj", "{A77A2BA9-71DB-1322-FDDE-2C6353C42130}"
EndProject
Project("{FAE04EC0-301F-11D3-BF4B-00C04F79EFBC}") = "Assembly-CSharp-Editor", "Assembly-CSharp-Editor.csproj", "{2604D529-43B2-BBDC-1FA3-F8F86354BAE1}"
EndProject
Global
	GlobalSection(SolutionConfigurationPlatforms) = preSolution
		Debug|Any CPU = Debug|Any CPU
		Release|Any CPU = Release|Any CPU
	EndGlobalSection
	GlobalSection(ProjectConfigurationPlatforms) = postSolution
		{A77A2BA9-71DB-1322-FDDE-2C6353C42130}.Debug|Any CPU.ActiveCfg = Debug|Any CPU
		{A77A2BA9-71DB-1322-FDDE-2C6353C42130}.Debug|Any CPU.Build.0 = Debug|Any CPU
		{A77A2BA9-71DB-1322-FDDE-2C6353C42130}.Release|Any CPU.ActiveCfg = Release|Any CPU
		{A77A2BA9-71DB-1322-FDDE-2C6353C42130}.Release|Any CPU.Build.0 = Release|Any CPU
		{2604D529-43B2-BBDC-1FA3-F8F86354BAE1}.Debug|Any CPU.ActiveCfg = Debug|Any CPU
		{2604D529-43B2-BBDC-1FA3-F8F86354BAE1}.Debug|Any CPU.Build.0 = Debug|Any CPU
		{2604D529-43B2-BBDC-1FA3-F8F86354BAE1}.Release|Any CPU.ActiveCfg = Release|Any CPU
		{2604D529-43B2-BBDC-1FA3-F8F86354BAE1}.Release|Any CPU.Build.0 = Release|Any CPU
	EndGlobalSection
	GlobalSection(SolutionProperties) = preSolution
		HideSolutionNode = FALSE
	EndGlobalSection
EndGlobal
